
Microsoft Visual Studio Solution File, Format Version 12.00
# Visual Studio 15
VisualStudioVersion = 15.0.28307.1705
MinimumVisualStudioVersion = 10.0.40219.1
Project("{FAE04EC0-301F-11D3-BF4B-00C04F79EFBC}") = "HMS", "HMS\HMS.csproj", "{9BDF1F24-2C2E-4584-ABA3-2F8AE1CAE2DE}"
EndProject
Global
	GlobalSection(SolutionConfigurationPlatforms) = preSolution
		Debug|Any CPU = Debug|Any CPU
		Release|Any CPU = Release|Any CPU
	EndGlobalSection
	GlobalSection(ProjectConfigurationPlatforms) = postSolution
		{9BDF1F24-2C2E-4584-ABA3-2F8AE1CAE2DE}.Debug|Any CPU.ActiveCfg = Debug|Any CPU
		{9BDF1F24-2C2E-4584-ABA3-2F8AE1CAE2DE}.Debug|Any CPU.Build.0 = Debug|Any CPU
		{9BDF1F24-2C2E-4584-ABA3-2F8AE1CAE2DE}.Release|Any CPU.ActiveCfg = Release|Any CPU
		{9BDF1F24-2C2E-4584-ABA3-2F8AE1CAE2DE}.Release|Any CPU.Build.0 = Release|Any CPU
	EndGlobalSection
	GlobalSection(SolutionProperties) = preSolution
		HideSolutionNode = FALSE
	EndGlobalSection
	GlobalSection(ExtensibilityGlobals) = postSolution
		SolutionGuid = {C2051686-908C-420F-926A-EC134E87F5E5}
	EndGlobalSection
EndGlobal
